{
  "name": "crawling",
  "lockfileVersion": 2,
  "requires": true,
  "packages": {
    "": {
      "dependencies": {
        "proxycrawl": "^2.5.0"
      }
    },
    "node_modules/proxycrawl": {
      "version": "2.5.0",
      "resolved": "https://registry.npmjs.org/proxycrawl/-/proxycrawl-2.5.0.tgz",
      "integrity": "sha512-8Z/dYJY1t78r6npkTQTTgVq67MMEM/rmqdFNxlqNrS9YJUYmCVyhkp40YPGXljyU8q+sE35Ur/6KDJbjBh5QRw=="
    }
  },
  "dependencies": {
    "proxycrawl": {
      "version": "2.5.0",
      "resolved": "https://registry.npmjs.org/proxycrawl/-/proxycrawl-2.5.0.tgz",
      "integrity": "sha512-8Z/dYJY1t78r6npkTQTTgVq67MMEM/rmqdFNxlqNrS9YJUYmCVyhkp40YPGXljyU8q+sE35Ur/6KDJbjBh5QRw=="
    }
  }
}
